{
  "nodes": {
    "home-manager": {
      "inputs": {
        "nixpkgs": [
          "nixpkgs"
        ]
      },
      "locked": {
        "lastModified": 1735344290,
        "narHash": "sha256-oJDtWPH1oJT34RJK1FSWjwX4qcGOBRkcNQPD0EbSfNM=",
        "owner": "nix-community",
        "repo": "home-manager",
        "rev": "613691f285dad87694c2ba1c9e6298d04736292d",
        "type": "github"
      },
      "original": {
        "owner": "nix-community",
        "ref": "release-24.11",
        "repo": "home-manager",
        "type": "github"
      }
    },
    "nixpkgs": {
      "locked": {
        "lastModified": 1736061677,
        "narHash": "sha256-DjkQPnkAfd7eB522PwnkGhOMuT9QVCZspDpJJYyOj60=",
        "owner": "NixOS",
        "repo": "nixpkgs",
        "rev": "cbd8ec4de4469333c82ff40d057350c30e9f7d36",
        "type": "github"
      },
      "original": {
        "id": "nixpkgs",
        "ref": "nixos-24.11",
        "type": "indirect"
      }
    },
    "nixpkgs-unstable": {
      "inputs": {
        "nixpkgs": "nixpkgs_2"
      },
      "locked": {
        "lastModified": 1736173362,
        "narHash": "sha256-zkMQu0XrGoH61pd47Sl3dp7BRwwhIV+VCcFpvVdRnZs=",
        "owner": "numtide",
        "repo": "nixpkgs-unfree",
        "rev": "69e8cc064d33e40dd3795e67abec246d9b42d305",
        "type": "github"
      },
      "original": {
        "owner": "numtide",
        "ref": "nixos-unstable",
        "repo": "nixpkgs-unfree",
        "type": "github"
      }
    },
    "nixpkgs_2": {
      "locked": {
        "lastModified": 1736012469,
        "narHash": "sha256-/qlNWm/IEVVH7GfgAIyP6EsVZI6zjAx1cV5zNyrs+rI=",
        "owner": "NixOS",
        "repo": "nixpkgs",
        "rev": "8f3e1f807051e32d8c95cd12b9b421623850a34d",
        "type": "github"
      },
      "original": {
        "id": "nixpkgs",
        "type": "indirect"
      }
    },
    "root": {
      "inputs": {
        "home-manager": "home-manager",
        "nixpkgs": "nixpkgs",
        "nixpkgs-unstable": "nixpkgs-unstable"
      }
    }
  },
  "root": "root",
  "version": 7
}
